// !$*UTF8*$!
{
	archiveVersion = 1;
	classes = {
	};
	objectVersion = 50;
	objects = {

/* Begin PBXBuildFile section */
		1684C3B3236C926500DAD636 /* AppDelegate.m in Sources */ = {isa = PBXBuildFile; fileRef = 1684C3B2236C926500DAD636 /* AppDelegate.m */; };
		1684C3B6236C926500DAD636 /* SceneDelegate.m in Sources */ = {isa = PBXBuildFile; fileRef = 1684C3B5236C926500DAD636 /* SceneDelegate.m */; };
		1684C3B9236C926500DAD636 /* ViewController.m in Sources */ = {isa = PBXBuildFile; fileRef = 1684C3B8236C926500DAD636 /* ViewController.m */; };
		1684C3BE236C926D00DAD636 /* Assets.xcassets in Resources */ = {isa = PBXBuildFile; fileRef = 1684C3BD236C926D00DAD636 /* Assets.xcassets */; };
		1684C3C4236C926D00DAD636 /* main.m in Sources */ = {isa = PBXBuildFile; fileRef = 1684C3C3236C926D00DAD636 /* main.m */; };
		1684C3CE236C9BB900DAD636 /* Star1.png in Resources */ = {isa = PBXBuildFile; fileRef = 1684C3CD236C9BB900DAD636 /* Star1.png */; };
		1684C3D5236C9C3A00DAD636 /* FinishingViewController.m in Sources */ = {isa = PBXBuildFile; fileRef = 1684C3D4236C9C3A00DAD636 /* FinishingViewController.m */; };
		1684C3D9236C9C6A00DAD636 /* UnitViewController.m in Sources */ = {isa = PBXBuildFile; fileRef = 1684C3D8236C9C6A00DAD636 /* UnitViewController.m */; };
		1684C3DB236C9C7D00DAD636 /* QuestionViewController.m in Sources */ = {isa = PBXBuildFile; fileRef = 1684C3DA236C9C7D00DAD636 /* QuestionViewController.m */; };
		1684C3DF236C9CB200DAD636 /* NavigationController.m in Sources */ = {isa = PBXBuildFile; fileRef = 1684C3DE236C9CB200DAD636 /* NavigationController.m */; };
		1684C3E2236C9CD100DAD636 /* UnitCell.m in Sources */ = {isa = PBXBuildFile; fileRef = 1684C3E1236C9CD100DAD636 /* UnitCell.m */; };
		1684C3E5236C9CEC00DAD636 /* ChoiceCell.m in Sources */ = {isa = PBXBuildFile; fileRef = 1684C3E4236C9CEC00DAD636 /* ChoiceCell.m */; };
		1684C3E8236ECB5900DAD636 /* StarUnit.m in Sources */ = {isa = PBXBuildFile; fileRef = 1684C3E7236ECB5900DAD636 /* StarUnit.m */; };
		1684C3EA236ECDEF00DAD636 /* Star0.png in Resources */ = {isa = PBXBuildFile; fileRef = 1684C3E9236ECDEF00DAD636 /* Star0.png */; };
		E8A1ACB188494514C4C28C58 /* libPods-MOSAD_HW5.a in Frameworks */ = {isa = PBXBuildFile; fileRef = 2C2B2DD5A5A2C18F6DD1875E /* libPods-MOSAD_HW5.a */; };
/* End PBXBuildFile section */

/* Begin PBXFileReference section */
		1684C3AE236C926500DAD636 /* MOSAD_HW5.app */ = {isa = PBXFileReference; explicitFileType = wrapper.application; includeInIndex = 0; path = MOSAD_HW5.app; sourceTree = BUILT_PRODUCTS_DIR; };
		1684C3B1236C926500DAD636 /* AppDelegate.h */ = {isa = PBXFileReference; lastKnownFileType = sourcecode.c.h; path = AppDelegate.h; sourceTree = "<group>"; };
		1684C3B2236C926500DAD636 /* AppDelegate.m */ = {isa = PBXFileReference; lastKnownFileType = sourcecode.c.objc; path = AppDelegate.m; sourceTree = "<group>"; };
		1684C3B4236C926500DAD636 /* SceneDelegate.h */ = {isa = PBXFileReference; lastKnownFileType = sourcecode.c.h; path = SceneDelegate.h; sourceTree = "<group>"; };
		1684C3B5236C926500DAD636 /* SceneDelegate.m */ = {isa = PBXFileReference; lastKnownFileType = sourcecode.c.objc; path = SceneDelegate.m; sourceTree = "<group>"; };
		1684C3B7236C926500DAD636 /* ViewController.h */ = {isa = PBXFileReference; lastKnownFileType = sourcecode.c.h; path = ViewController.h; sourceTree = "<group>"; };
		1684C3B8236C926500DAD636 /* ViewController.m */ = {isa = PBXFileReference; lastKnownFileType = sourcecode.c.objc; path = ViewController.m; sourceTree = "<group>"; };
		1684C3BD236C926D00DAD636 /* Assets.xcassets */ = {isa = PBXFileReference; lastKnownFileType = folder.assetcatalog; path = Assets.xcassets; sourceTree = "<group>"; };
		1684C3C2236C926D00DAD636 /* Info.plist */ = {isa = PBXFileReference; lastKnownFileType = text.plist.xml; path = Info.plist; sourceTree = "<group>"; };
		1684C3C3236C926D00DAD636 /* main.m */ = {isa = PBXFileReference; lastKnownFileType = sourcecode.c.objc; path = main.m; sourceTree = "<group>"; };
		1684C3CD236C9BB900DAD636 /* Star1.png */ = {isa = PBXFileReference; lastKnownFileType = image.png; name = Star1.png; path = ../../../manual/resources/Star1.png; sourceTree = "<group>"; };
		1684C3D4236C9C3A00DAD636 /* FinishingViewController.m */ = {isa = PBXFileReference; lastKnownFileType = sourcecode.c.objc; path = FinishingViewController.m; sourceTree = "<group>"; };
		1684C3D6236C9C4A00DAD636 /* FinishingViewController.h */ = {isa = PBXFileReference; lastKnownFileType = sourcecode.c.h; path = FinishingViewController.h; sourceTree = "<group>"; };
		1684C3D7236C9C5900DAD636 /* UnitViewController.h */ = {isa = PBXFileReference; lastKnownFileType = sourcecode.c.h; path = UnitViewController.h; sourceTree = "<group>"; };
		1684C3D8236C9C6A00DAD636 /* UnitViewController.m */ = {isa = PBXFileReference; lastKnownFileType = sourcecode.c.objc; path = UnitViewController.m; sourceTree = "<group>"; };
		1684C3DA236C9C7D00DAD636 /* QuestionViewController.m */ = {isa = PBXFileReference; lastKnownFileType = sourcecode.c.objc; path = QuestionViewController.m; sourceTree = "<group>"; };
		1684C3DC236C9C8D00DAD636 /* QuestionViewController.h */ = {isa = PBXFileReference; lastKnownFileType = sourcecode.c.h; path = QuestionViewController.h; sourceTree = "<group>"; };
		1684C3DD236C9CA300DAD636 /* NavigationController.h */ = {isa = PBXFileReference; lastKnownFileType = sourcecode.c.h; path = NavigationController.h; sourceTree = "<group>"; };
		1684C3DE236C9CB200DAD636 /* NavigationController.m */ = {isa = PBXFileReference; lastKnownFileType = sourcecode.c.objc; path = NavigationController.m; sourceTree = "<group>"; };
		1684C3E0236C9CC300DAD636 /* UnitCell.h */ = {isa = PBXFileReference; lastKnownFileType = sourcecode.c.h; path = UnitCell.h; sourceTree = "<group>"; };
		1684C3E1236C9CD100DAD636 /* UnitCell.m */ = {isa = PBXFileReference; lastKnownFileType = sourcecode.c.objc; path = UnitCell.m; sourceTree = "<group>"; };
		1684C3E3236C9CDE00DAD636 /* ChoiceCell.h */ = {isa = PBXFileReference; lastKnownFileType = sourcecode.c.h; path = ChoiceCell.h; sourceTree = "<group>"; };
		1684C3E4236C9CEC00DAD636 /* ChoiceCell.m */ = {isa = PBXFileReference; lastKnownFileType = sourcecode.c.objc; path = ChoiceCell.m; sourceTree = "<group>"; };
		1684C3E6236ECB4D00DAD636 /* StarUnit.h */ = {isa = PBXFileReference; lastKnownFileType = sourcecode.c.h; path = StarUnit.h; sourceTree = "<group>"; };
		1684C3E7236ECB5900DAD636 /* StarUnit.m */ = {isa = PBXFileReference; lastKnownFileType = sourcecode.c.objc; path = StarUnit.m; sourceTree = "<group>"; };
		1684C3E9236ECDEF00DAD636 /* Star0.png */ = {isa = PBXFileReference; lastKnownFileType = image.png; name = Star0.png; path = ../MOSAD_HW5/Star0.png; sourceTree = "<group>"; };
		2C2B2DD5A5A2C18F6DD1875E /* libPods-MOSAD_HW5.a */ = {isa = PBXFileReference; explicitFileType = archive.ar; includeInIndex = 0; path = "libPods-MOSAD_HW5.a"; sourceTree = BUILT_PRODUCTS_DIR; };
		8D3D750891866DA9A38DD01C /* Pods-MOSAD_HW5.debug.xcconfig */ = {isa = PBXFileReference; includeInIndex = 1; lastKnownFileType = text.xcconfig; name = "Pods-MOSAD_HW5.debug.xcconfig"; path = "Target Support Files/Pods-MOSAD_HW5/Pods-MOSAD_HW5.debug.xcconfig"; sourceTree = "<group>"; };
		AF97F837829DD16E42CF6C8A /* Pods-MOSAD_HW5.release.xcconfig */ = {isa = PBXFileReference; includeInIndex = 1; lastKnownFileType = text.xcconfig; name = "Pods-MOSAD_HW5.release.xcconfig"; path = "Target Support Files/Pods-MOSAD_HW5/Pods-MOSAD_HW5.release.xcconfig"; sourceTree = "<group>"; };
/* End PBXFileReference section */

/* Begin PBXFrameworksBuildPhase section */
		1684C3AB236C926500DAD636 /* Frameworks */ = {
			isa = PBXFrameworksBuildPhase;
			buildActionMask = 2147483647;
			files = (
				E8A1ACB188494514C4C28C58 /* libPods-MOSAD_HW5.a in Frameworks */,
			);
			runOnlyForDeploymentPostprocessing = 0;
		};
/* End PBXFrameworksBuildPhase section */

/* Begin PBXGroup section */
		1684C3A5236C926500DAD636 = {
			isa = PBXGroup;
			children = (
				1684C3B0236C926500DAD636 /* MOSAD_HW5 */,
				1684C3CA236C9B1E00DAD636 /* Resource */,
				1684C3AF236C926500DAD636 /* Products */,
				CF9EC86569DFDFCC62A54D52 /* Pods */,
				6B12B9F24D4CE23350D0548A /* Frameworks */,
			);
			sourceTree = "<group>";
		};
		1684C3AF236C926500DAD636 /* Products */ = {
			isa = PBXGroup;
			children = (
				1684C3AE236C926500DAD636 /* MOSAD_HW5.app */,
			);
			name = Products;
			sourceTree = "<group>";
		};
		1684C3B0236C926500DAD636 /* MOSAD_HW5 */ = {
			isa = PBXGroup;
			children = (
				1684C3D2236C9BEF00DAD636 /* Controller */,
				1684C3D3236C9C1200DAD636 /* Layout */,
				1684C3B1236C926500DAD636 /* AppDelegate.h */,
				1684C3B2236C926500DAD636 /* AppDelegate.m */,
				1684C3B4236C926500DAD636 /* SceneDelegate.h */,
				1684C3B5236C926500DAD636 /* SceneDelegate.m */,
				1684C3B7236C926500DAD636 /* ViewController.h */,
				1684C3B8236C926500DAD636 /* ViewController.m */,
				1684C3BD236C926D00DAD636 /* Assets.xcassets */,
				1684C3C2236C926D00DAD636 /* Info.plist */,
				1684C3C3236C926D00DAD636 /* main.m */,
			);
			path = MOSAD_HW5;
			sourceTree = "<group>";
		};
		1684C3CA236C9B1E00DAD636 /* Resource */ = {
			isa = PBXGroup;
			children = (
				1684C3E9236ECDEF00DAD636 /* Star0.png */,
				1684C3CD236C9BB900DAD636 /* Star1.png */,
			);
			path = Resource;
			sourceTree = "<group>";
		};
		1684C3D2236C9BEF00DAD636 /* Controller */ = {
			isa = PBXGroup;
			children = (
				1684C3D6236C9C4A00DAD636 /* FinishingViewController.h */,
				1684C3D4236C9C3A00DAD636 /* FinishingViewController.m */,
				1684C3D7236C9C5900DAD636 /* UnitViewController.h */,
				1684C3D8236C9C6A00DAD636 /* UnitViewController.m */,
				1684C3DC236C9C8D00DAD636 /* QuestionViewController.h */,
				1684C3DA236C9C7D00DAD636 /* QuestionViewController.m */,
				1684C3DD236C9CA300DAD636 /* NavigationController.h */,
				1684C3DE236C9CB200DAD636 /* NavigationController.m */,
			);
			path = Controller;
			sourceTree = "<group>";
		};
		1684C3D3236C9C1200DAD636 /* Layout */ = {
			isa = PBXGroup;
			children = (
				1684C3E0236C9CC300DAD636 /* UnitCell.h */,
				1684C3E1236C9CD100DAD636 /* UnitCell.m */,
				1684C3E3236C9CDE00DAD636 /* ChoiceCell.h */,
				1684C3E4236C9CEC00DAD636 /* ChoiceCell.m */,
				1684C3E6236ECB4D00DAD636 /* StarUnit.h */,
				1684C3E7236ECB5900DAD636 /* StarUnit.m */,
			);
			path = Layout;
			sourceTree = "<group>";
		};
		6B12B9F24D4CE23350D0548A /* Frameworks */ = {
			isa = PBXGroup;
			children = (
				2C2B2DD5A5A2C18F6DD1875E /* libPods-MOSAD_HW5.a */,
			);
			name = Frameworks;
			sourceTree = "<group>";
		};
		CF9EC86569DFDFCC62A54D52 /* Pods */ = {
			isa = PBXGroup;
			children = (
				8D3D750891866DA9A38DD01C /* Pods-MOSAD_HW5.debug.xcconfig */,
				AF97F837829DD16E42CF6C8A /* Pods-MOSAD_HW5.release.xcconfig */,
			);
			path = Pods;
			sourceTree = "<group>";
		};
/* End PBXGroup section */

/* Begin PBXNativeTarget section */
		1684C3AD236C926500DAD636 /* MOSAD_HW5 */ = {
			isa = PBXNativeTarget;
			buildConfigurationList = 1684C3C7236C926D00DAD636 /* Build configuration list for PBXNativeTarget "MOSAD_HW5" */;
			buildPhases = (
				821F8AB4FF55F74A7AD1F64B /* [CP] Check Pods Manifest.lock */,
				1684C3AA236C926500DAD636 /* Sources */,
				1684C3AB236C926500DAD636 /* Frameworks */,
				1684C3AC236C926500DAD636 /* Resources */,
			);
			buildRules = (
			);
			dependencies = (
			);
			name = MOSAD_HW5;
			productName = MOSAD_HW5;
			productReference = 1684C3AE236C926500DAD636 /* MOSAD_HW5.app */;
			productType = "com.apple.product-type.application";
		};
/* End PBXNativeTarget section */

/* Begin PBXProject section */
		1684C3A6236C926500DAD636 /* Project object */ = {
			isa = PBXProject;
			attributes = {
				LastUpgradeCheck = 1120;
				ORGANIZATIONNAME = "梁俊华";
				TargetAttributes = {
					1684C3AD236C926500DAD636 = {
						CreatedOnToolsVersion = 11.2;
					};
				};
			};
			buildConfigurationList = 1684C3A9236C926500DAD636 /* Build configuration list for PBXProject "MOSAD_HW5" */;
			compatibilityVersion = "Xcode 9.3";
			developmentRegion = en;
			hasScannedForEncodings = 0;
			knownRegions = (
				en,
				Base,
			);
			mainGroup = 1684C3A5236C926500DAD636;
			productRefGroup = 1684C3AF236C926500DAD636 /* Products */;
			projectDirPath = "";
			projectRoot = "";
			targets = (
				1684C3AD236C926500DAD636 /* MOSAD_HW5 */,
			);
		};
/* End PBXProject section */

/* Begin PBXResourcesBuildPhase section */
		1684C3AC236C926500DAD636 /* Resources */ = {
			isa = PBXResourcesBuildPhase;
			buildActionMask = 2147483647;
			files = (
				1684C3BE236C926D00DAD636 /* Assets.xcassets in Resources */,
				1684C3CE236C9BB900DAD636 /* Star1.png in Resources */,
				1684C3EA236ECDEF00DAD636 /* Star0.png in Resources */,
			);
			runOnlyForDeploymentPostprocessing = 0;
		};
/* End PBXResourcesBuildPhase section */

/* Begin PBXShellScriptBuildPhase section */
		821F8AB4FF55F74A7AD1F64B /* [CP] Check Pods Manifest.lock */ = {
			isa = PBXShellScriptBuildPhase;
			buildActionMask = 2147483647;
			files = (
			);
			inputFileListPaths = (
			);
			inputPaths = (
				"${PODS_PODFILE_DIR_PATH}/Podfile.lock",
				"${PODS_ROOT}/Manifest.lock",
			);
			name = "[CP] Check Pods Manifest.lock";
			outputFileListPaths = (
			);
			outputPaths = (
				"$(DERIVED_FILE_DIR)/Pods-MOSAD_HW5-checkManifestLockResult.txt",
			);
			runOnlyForDeploymentPostprocessing = 0;
			shellPath = /bin/sh;
			shellScript = "diff \"${PODS_PODFILE_DIR_PATH}/Podfile.lock\" \"${PODS_ROOT}/Manifest.lock\" > /dev/null\nif [ $? != 0 ] ; then\n    # print error to STDERR\n    echo \"error: The sandbox is not in sync with the Podfile.lock. Run 'pod install' or update your CocoaPods installation.\" >&2\n    exit 1\nfi\n# This output is used by Xcode 'outputs' to avoid re-running this script phase.\necho \"SUCCESS\" > \"${SCRIPT_OUTPUT_FILE_0}\"\n";
			showEnvVarsInLog = 0;
		};
/* End PBXShellScriptBuildPhase section */

/* Begin PBXSourcesBuildPhase section */
		1684C3AA236C926500DAD636 /* Sources */ = {
			isa = PBXSourcesBuildPhase;
			buildActionMask = 2147483647;
			files = (
				1684C3B9236C926500DAD636 /* ViewController.m in Sources */,
				1684C3B3236C926500DAD636 /* AppDelegate.m in Sources */,
				1684C3E2236C9CD100DAD636 /* UnitCell.m in Sources */,
				1684C3C4236C926D00DAD636 /* main.m in Sources */,
				1684C3DB236C9C7D00DAD636 /* QuestionViewController.m in Sources */,
				1684C3B6236C926500DAD636 /* SceneDelegate.m in Sources */,
				1684C3E5236C9CEC00DAD636 /* ChoiceCell.m in Sources */,
				1684C3E8236ECB5900DAD636 /* StarUnit.m in Sources */,
				1684C3DF236C9CB200DAD636 /* NavigationController.m in Sources */,
				1684C3D9236C9C6A00DAD636 /* UnitViewController.m in Sources */,
				1684C3D5236C9C3A00DAD636 /* FinishingViewController.m in Sources */,
			);
			runOnlyForDeploymentPostprocessing = 0;
		};
/* End PBXSourcesBuildPhase section */

/* Begin XCBuildConfiguration section */
		1684C3C5236C926D00DAD636 /* Debug */ = {
			isa = XCBuildConfiguration;
			buildSettings = {
				ALWAYS_SEARCH_USER_PATHS = NO;
				CLANG_ANALYZER_NONNULL = YES;
				CLANG_ANALYZER_NUMBER_OBJECT_CONVERSION = YES_AGGRESSIVE;
				CLANG_CXX_LANGUAGE_STANDARD = "gnu++14";
				CLANG_CXX_LIBRARY = "libc++";
				CLANG_ENABLE_MODULES = YES;
				CLANG_ENABLE_OBJC_ARC = YES;
				CLANG_ENABLE_OBJC_WEAK = YES;
				CLANG_WARN_BLOCK_CAPTURE_AUTORELEASING = YES;
				CLANG_WARN_BOOL_CONVERSION = YES;
				CLANG_WARN_COMMA = YES;
				CLANG_WARN_CONSTANT_CONVERSION = YES;
				CLANG_WARN_DEPRECATED_OBJC_IMPLEMENTATIONS = YES;
				CLANG_WARN_DIRECT_OBJC_ISA_USAGE = YES_ERROR;
				CLANG_WARN_DOCUMENTATION_COMMENTS = YES;
				CLANG_WARN_EMPTY_BODY = YES;
				CLANG_WARN_ENUM_CONVERSION = YES;
				CLANG_WARN_INFINITE_RECURSION = YES;
				CLANG_WARN_INT_CONVERSION = YES;
				CLANG_WARN_NON_LITERAL_NULL_CONVERSION = YES;
				CLANG_WARN_OBJC_IMPLICIT_RETAIN_SELF = YES;
				CLANG_WARN_OBJC_LITERAL_CONVERSION = YES;
				CLANG_WARN_OBJC_ROOT_CLASS = YES_ERROR;
				CLANG_WARN_RANGE_LOOP_ANALYSIS = YES;
				CLANG_WARN_STRICT_PROTOTYPES = YES;
				CLANG_WARN_SUSPICIOUS_MOVE = YES;
				CLANG_WARN_UNGUARDED_AVAILABILITY = YES_AGGRESSIVE;
				CLANG_WARN_UNREACHABLE_CODE = YES;
				CLANG_WARN__DUPLICATE_METHOD_MATCH = YES;
				COPY_PHASE_STRIP = NO;
				DEBUG_INFORMATION_FORMAT = dwarf;
				ENABLE_STRICT_OBJC_MSGSEND = YES;
				ENABLE_TESTABILITY = YES;
				GCC_C_LANGUAGE_STANDARD = gnu11;
				GCC_DYNAMIC_NO_PIC = NO;
				GCC_NO_COMMON_BLOCKS = YES;
				GCC_OPTIMIZATION_LEVEL = 0;
				GCC_PREPROCESSOR_DEFINITIONS = (
					"DEBUG=1",
					"$(inherited)",
				);
				GCC_WARN_64_TO_32_BIT_CONVERSION = YES;
				GCC_WARN_ABOUT_RETURN_TYPE = YES_ERROR;
				GCC_WARN_UNDECLARED_SELECTOR = YES;
				GCC_WARN_UNINITIALIZED_AUTOS = YES_AGGRESSIVE;
				GCC_WARN_UNUSED_FUNCTION = YES;
				GCC_WARN_UNUSED_VARIABLE = YES;
				IPHONEOS_DEPLOYMENT_TARGET = 13.2;
				MTL_ENABLE_DEBUG_INFO = INCLUDE_SOURCE;
				MTL_FAST_MATH = YES;
				ONLY_ACTIVE_ARCH = YES;
				SDKROOT = iphoneos;
			};
			name = Debug;
		};
		1684C3C6236C926D00DAD636 /* Release */ = {
			isa = XCBuildConfiguration;
			buildSettings = {
				ALWAYS_SEARCH_USER_PATHS = NO;
				CLANG_ANALYZER_NONNULL = YES;
				CLANG_ANALYZER_NUMBER_OBJECT_CONVERSION = YES_AGGRESSIVE;
				CLANG_CXX_LANGUAGE_STANDARD = "gnu++14";
				CLANG_CXX_LIBRARY = "libc++";
				CLANG_ENABLE_MODULES = YES;
				CLANG_ENABLE_OBJC_ARC = YES;
				CLANG_ENABLE_OBJC_WEAK = YES;
				CLANG_WARN_BLOCK_CAPTURE_AUTORELEASING = YES;
				CLANG_WARN_BOOL_CONVERSION = YES;
				CLANG_WARN_COMMA = YES;
				CLANG_WARN_CONSTANT_CONVERSION = YES;
				CLANG_WARN_DEPRECATED_OBJC_IMPLEMENTATIONS = YES;
				CLANG_WARN_DIRECT_OBJC_ISA_USAGE = YES_ERROR;
				CLANG_WARN_DOCUMENTATION_COMMENTS = YES;
				CLANG_WARN_EMPTY_BODY = YES;
				CLANG_WARN_ENUM_CONVERSION = YES;
				CLANG_WARN_INFINITE_RECURSION = YES;
				CLANG_WARN_INT_CONVERSION = YES;
				CLANG_WARN_NON_LITERAL_NULL_CONVERSION = YES;
				CLANG_WARN_OBJC_IMPLICIT_RETAIN_SELF = YES;
				CLANG_WARN_OBJC_LITERAL_CONVERSION = YES;
				CLANG_WARN_OBJC_ROOT_CLASS = YES_ERROR;
				CLANG_WARN_RANGE_LOOP_ANALYSIS = YES;
				CLANG_WARN_STRICT_PROTOTYPES = YES;
				CLANG_WARN_SUSPICIOUS_MOVE = YES;
				CLANG_WARN_UNGUARDED_AVAILABILITY = YES_AGGRESSIVE;
				CLANG_WARN_UNREACHABLE_CODE = YES;
				CLANG_WARN__DUPLICATE_METHOD_MATCH = YES;
				COPY_PHASE_STRIP = NO;
				DEBUG_INFORMATION_FORMAT = "dwarf-with-dsym";
				ENABLE_NS_ASSERTIONS = NO;
				ENABLE_STRICT_OBJC_MSGSEND = YES;
				GCC_C_LANGUAGE_STANDARD = gnu11;
				GCC_NO_COMMON_BLOCKS = YES;
				GCC_WARN_64_TO_32_BIT_CONVERSION = YES;
				GCC_WARN_ABOUT_RETURN_TYPE = YES_ERROR;
				GCC_WARN_UNDECLARED_SELECTOR = YES;
				GCC_WARN_UNINITIALIZED_AUTOS = YES_AGGRESSIVE;
				GCC_WARN_UNUSED_FUNCTION = YES;
				GCC_WARN_UNUSED_VARIABLE = YES;
				IPHONEOS_DEPLOYMENT_TARGET = 13.2;
				MTL_ENABLE_DEBUG_INFO = NO;
				MTL_FAST_MATH = YES;
				SDKROOT = iphoneos;
				VALIDATE_PRODUCT = YES;
			};
			name = Release;
		};
		1684C3C8236C926D00DAD636 /* Debug */ = {
			isa = XCBuildConfiguration;
			baseConfigurationReference = 8D3D750891866DA9A38DD01C /* Pods-MOSAD_HW5.debug.xcconfig */;
			buildSettings = {
				ASSETCATALOG_COMPILER_APPICON_NAME = AppIcon;
				CODE_SIGN_STYLE = Automatic;
				DEVELOPMENT_TEAM = 6M8U45D89N;
				INFOPLIST_FILE = MOSAD_HW5/Info.plist;
				LD_RUNPATH_SEARCH_PATHS = (
					"$(inherited)",
					"@executable_path/Frameworks",
				);
				PRODUCT_BUNDLE_IDENTIFIER = "Alva.MOSAD-HW5";
				PRODUCT_NAME = "$(TARGET_NAME)";
				TARGETED_DEVICE_FAMILY = "1,2";
			};
			name = Debug;
		};
		1684C3C9236C926D00DAD636 /* Release */ = {
			isa = XCBuildConfiguration;
			baseConfigurationReference = AF97F837829DD16E42CF6C8A /* Pods-MOSAD_HW5.release.xcconfig */;
			buildSettings = {
				ASSETCATALOG_COMPILER_APPICON_NAME = AppIcon;
				CODE_SIGN_STYLE = Automatic;
				DEVELOPMENT_TEAM = 6M8U45D89N;
				INFOPLIST_FILE = MOSAD_HW5/Info.plist;
				LD_RUNPATH_SEARCH_PATHS = (
					"$(inherited)",
					"@executable_path/Frameworks",
				);
				PRODUCT_BUNDLE_IDENTIFIER = "Alva.MOSAD-HW5";
				PRODUCT_NAME = "$(TARGET_NAME)";
				TARGETED_DEVICE_FAMILY = "1,2";
			};
			name = Release;
		};
/* End XCBuildConfiguration section */

/* Begin XCConfigurationList section */
		1684C3A9236C926500DAD636 /* Build configuration list for PBXProject "MOSAD_HW5" */ = {
			isa = XCConfigurationList;
			buildConfigurations = (
				1684C3C5236C926D00DAD636 /* Debug */,
				1684C3C6236C926D00DAD636 /* Release */,
			);
			defaultConfigurationIsVisible = 0;
			defaultConfigurationName = Release;
		};
		1684C3C7236C926D00DAD636 /* Build configuration list for PBXNativeTarget "MOSAD_HW5" */ = {
			isa = XCConfigurationList;
			buildConfigurations = (
				1684C3C8236C926D00DAD636 /* Debug */,
				1684C3C9236C926D00DAD636 /* Release */,
			);
			defaultConfigurationIsVisible = 0;
			defaultConfigurationName = Release;
		};
/* End XCConfigurationList section */
	};
	rootObject = 1684C3A6236C926500DAD636 /* Project object */;
}
